# This file is automatically @generated by Cargo.
# It is not intended for manual editing.
version = 4

[[package]]
name = "rational"
version = "0.1.0"
dependencies = [
 "rational_impl_types",
]

[[package]]
name = "rational_impl_types"
version = "0.1.0"

[[package]]
name = "rational_test_app"
version = "0.1.0"
dependencies = [
 "rational",
]
